
Microsoft Visual Studio Solution File, Format Version 12.00
# Visual Studio Version 17
VisualStudioVersion = 17.9.34728.123
MinimumVisualStudioVersion = 10.0.40219.1
Project("{FAE04EC0-301F-11D3-BF4B-00C04F79EFBC}") = "EmployeeValueEvaluation", "EmployeeValueEvaluation\EmployeeValueEvaluation.csproj", "{09BBDF56-F980-46C9-AB0D-4E13A2648C1E}"
EndProject
Global
	GlobalSection(SolutionConfigurationPlatforms) = preSolution
		Debug|Any CPU = Debug|Any CPU
		Release|Any CPU = Release|Any CPU
	EndGlobalSection
	GlobalSection(ProjectConfigurationPlatforms) = postSolution
		{09BBDF56-F980-46C9-AB0D-4E13A2648C1E}.Debug|Any CPU.ActiveCfg = Debug|Any CPU
		{09BBDF56-F980-46C9-AB0D-4E13A2648C1E}.Debug|Any CPU.Build.0 = Debug|Any CPU
		{09BBDF56-F980-46C9-AB0D-4E13A2648C1E}.Release|Any CPU.ActiveCfg = Release|Any CPU
		{09BBDF56-F980-46C9-AB0D-4E13A2648C1E}.Release|Any CPU.Build.0 = Release|Any CPU
	EndGlobalSection
	GlobalSection(SolutionProperties) = preSolution
		HideSolutionNode = FALSE
	EndGlobalSection
	GlobalSection(ExtensibilityGlobals) = postSolution
		SolutionGuid = {019067EF-201D-4258-83D8-F2BF14DC8991}
	EndGlobalSection
EndGlobal
